
Microsoft Visual Studio Solution File, Format Version 12.00
# Visual Studio Version 16
VisualStudioVersion = 16.0.28729.10
MinimumVisualStudioVersion = 10.0.40219.1
Project("{8BC9CEB8-8B4A-11D0-8D11-00A0C91BC942}") = "DS Project GUI", "DS Project GUI.vcxproj", "{F96D3DDC-30C3-4A5D-A820-012171B7023C}"
EndProject
Global
	GlobalSection(SolutionConfigurationPlatforms) = preSolution
		Debug|x64 = Debug|x64
		Debug|x86 = Debug|x86
		Release|x64 = Release|x64
		Release|x86 = Release|x86
	EndGlobalSection
	GlobalSection(ProjectConfigurationPlatforms) = postSolution
		{F96D3DDC-30C3-4A5D-A820-012171B7023C}.Debug|x64.ActiveCfg = Debug|x64
		{F96D3DDC-30C3-4A5D-A820-012171B7023C}.Debug|x64.Build.0 = Debug|x64
		{F96D3DDC-30C3-4A5D-A820-012171B7023C}.Debug|x86.ActiveCfg = Debug|Win32
		{F96D3DDC-30C3-4A5D-A820-012171B7023C}.Debug|x86.Build.0 = Debug|Win32
		{F96D3DDC-30C3-4A5D-A820-012171B7023C}.Release|x64.ActiveCfg = Release|x64
		{F96D3DDC-30C3-4A5D-A820-012171B7023C}.Release|x64.Build.0 = Release|x64
		{F96D3DDC-30C3-4A5D-A820-012171B7023C}.Release|x86.ActiveCfg = Release|Win32
		{F96D3DDC-30C3-4A5D-A820-012171B7023C}.Release|x86.Build.0 = Release|Win32
	EndGlobalSection
	GlobalSection(SolutionProperties) = preSolution
		HideSolutionNode = FALSE
	EndGlobalSection
	GlobalSection(ExtensibilityGlobals) = postSolution
		SolutionGuid = {D045C8CD-EB52-410C-AE73-9CA5C618F81A}
	EndGlobalSection
EndGlobal
